
Microsoft Visual Studio Solution File, Format Version 12.00
# Visual Studio Version 17
VisualStudioVersion = 17.11.35312.102
MinimumVisualStudioVersion = 10.0.40219.1
Project("{FAE04EC0-301F-11D3-BF4B-00C04F79EFBC}") = "OOP1-Assignment", "OOP1-Assignment.csproj", "{DF76E60B-E3C4-4D33-8061-AC8FB9AA06A0}"
EndProject
Global
	GlobalSection(SolutionConfigurationPlatforms) = preSolution
		Debug|Any CPU = Debug|Any CPU
		Release|Any CPU = Release|Any CPU
	EndGlobalSection
	GlobalSection(ProjectConfigurationPlatforms) = postSolution
		{DF76E60B-E3C4-4D33-8061-AC8FB9AA06A0}.Debug|Any CPU.ActiveCfg = Debug|Any CPU
		{DF76E60B-E3C4-4D33-8061-AC8FB9AA06A0}.Debug|Any CPU.Build.0 = Debug|Any CPU
		{DF76E60B-E3C4-4D33-8061-AC8FB9AA06A0}.Release|Any CPU.ActiveCfg = Release|Any CPU
		{DF76E60B-E3C4-4D33-8061-AC8FB9AA06A0}.Release|Any CPU.Build.0 = Release|Any CPU
	EndGlobalSection
	GlobalSection(SolutionProperties) = preSolution
		HideSolutionNode = FALSE
	EndGlobalSection
	GlobalSection(ExtensibilityGlobals) = postSolution
		SolutionGuid = {24ED10D0-2B56-4517-BDD6-A91ADDFF3681}
	EndGlobalSection
EndGlobal
