
Microsoft Visual Studio Solution File, Format Version 12.00
# Visual Studio Version 17
VisualStudioVersion = 17.11.35312.102
MinimumVisualStudioVersion = 10.0.40219.1
Project("{FAE04EC0-301F-11D3-BF4B-00C04F79EFBC}") = "OOP1-Demo", "OOP1-Demo.csproj", "{94D25FA0-5B35-4EF7-9E5D-E853415E4062}"
EndProject
Project("{FAE04EC0-301F-11D3-BF4B-00C04F79EFBC}") = "common", "..\common\common.csproj", "{F8878264-36E3-4D95-8810-06F5256DB462}"
EndProject
Global
	GlobalSection(SolutionConfigurationPlatforms) = preSolution
		Debug|Any CPU = Debug|Any CPU
		Release|Any CPU = Release|Any CPU
	EndGlobalSection
	GlobalSection(ProjectConfigurationPlatforms) = postSolution
		{94D25FA0-5B35-4EF7-9E5D-E853415E4062}.Debug|Any CPU.ActiveCfg = Debug|Any CPU
		{94D25FA0-5B35-4EF7-9E5D-E853415E4062}.Debug|Any CPU.Build.0 = Debug|Any CPU
		{94D25FA0-5B35-4EF7-9E5D-E853415E4062}.Release|Any CPU.ActiveCfg = Release|Any CPU
		{94D25FA0-5B35-4EF7-9E5D-E853415E4062}.Release|Any CPU.Build.0 = Release|Any CPU
		{F8878264-36E3-4D95-8810-06F5256DB462}.Debug|Any CPU.ActiveCfg = Debug|Any CPU
		{F8878264-36E3-4D95-8810-06F5256DB462}.Debug|Any CPU.Build.0 = Debug|Any CPU
		{F8878264-36E3-4D95-8810-06F5256DB462}.Release|Any CPU.ActiveCfg = Release|Any CPU
		{F8878264-36E3-4D95-8810-06F5256DB462}.Release|Any CPU.Build.0 = Release|Any CPU
	EndGlobalSection
	GlobalSection(SolutionProperties) = preSolution
		HideSolutionNode = FALSE
	EndGlobalSection
	GlobalSection(ExtensibilityGlobals) = postSolution
		SolutionGuid = {8DBA3939-9082-419C-BA22-1F1709907D95}
	EndGlobalSection
EndGlobal
